<?xml version="1.0" encoding="utf-8"?>
<Project ToolsVersion="4.0" xmlns="http://schemas.microsoft.com/developer/msbuild/2003">
  <ItemGroup>
    <Filter Include="Source Files">
      <UniqueIdentifier>{4FC737F1-C7A5-4376-A066-2A32D752A2FF}</UniqueIdentifier>
      <Extensions>cpp;c;cc;cxx;c++;cppm;ixx;def;odl;idl;hpj;bat;asm;asmx</Extensions>
    </Filter>
    <Filter Include="Header Files">
      <UniqueIdentifier>{93995380-89BD-4b04-88EB-625FBE52EBFB}</UniqueIdentifier>
      <Extensions>h;hh;hpp;hxx;h++;hm;inl;inc;ipp;xsd</Extensions>
    </Filter>
    <Filter Include="Resource Files">
      <UniqueIdentifier>{67DA6AB6-F800-4c08-8B7A-83BB121AAD01}</UniqueIdentifier>
      <Extensions>rc;ico;cur;bmp;dlg;rc2;rct;bin;rgs;gif;jpg;jpeg;jpe;resx;tiff;tif;png;wav;mfcribbon-ms</Extensions>
    </Filter>
    <Filter Include="Header Files\Screen">
      <UniqueIdentifier>{09312505-7375-4d2b-b90a-d68e84152cd0}</UniqueIdentifier>
    </Filter>
    <Filter Include="Header Files\Book">
      <UniqueIdentifier>{bc0c98b5-1676-45cc-bcf3-e52cde292e8b}</UniqueIdentifier>
    </Filter>
    <Filter Include="Header Files\Member">
      <UniqueIdentifier>{660728bc-a481-4b84-be6d-96114d14a886}</UniqueIdentifier>
    </Filter>
    <Filter Include="Header Files\Transcation">
      <UniqueIdentifier>{6596cdae-4207-467f-9761-711798beab4e}</UniqueIdentifier>
    </Filter>
  </ItemGroup>
  <ItemGroup>
    <ClCompile Include="Library Mangement System.cpp">
      <Filter>Source Files</Filter>
    </ClCompile>
  </ItemGroup>
  <ItemGroup>
    <ClInclude Include="clsMainScreen.h">
      <Filter>Header Files\Screen</Filter>
    </ClInclude>
    <ClInclude Include="clsScreen.h">
      <Filter>Header Files\Screen</Filter>
    </ClInclude>
    <ClInclude Include="clsAddBookScreen.h">
      <Filter>Header Files\Book</Filter>
    </ClInclude>
    <ClInclude Include="clsBook.h">
      <Filter>Header Files\Book</Filter>
    </ClInclude>
    <ClInclude Include="clsMember.h">
      <Filter>Header Files\Member</Filter>
    </ClInclude>
    <ClInclude Include="clsAddMemberScreen.h">
      <Filter>Header Files\Member</Filter>
    </ClInclude>
    <ClInclude Include="clsTranscation.h">
      <Filter>Header Files\Transcation</Filter>
    </ClInclude>
    <ClInclude Include="clsIssueBook.h">
      <Filter>Header Files\Book</Filter>
    </ClInclude>
    <ClInclude Include="clsDisplayAllBooks.h">
      <Filter>Header Files\Book</Filter>
    </ClInclude>
    <ClInclude Include="clsDisplayAllMembers.h">
      <Filter>Header Files\Member</Filter>
    </ClInclude>
    <ClInclude Include="clsReturnBook.h">
      <Filter>Header Files\Book</Filter>
    </ClInclude>
    <ClInclude Include="clsFindbookScreen.h">
      <Filter>Header Files\Book</Filter>
    </ClInclude>
  </ItemGroup>
</Project>